
Microsoft Visual Studio Solution File, Format Version 12.00
# Visual Studio 15
VisualStudioVersion = 15.0.27703.2047
MinimumVisualStudioVersion = 10.0.40219.1
Project("{FAE04EC0-301F-11D3-BF4B-00C04F79EFBC}") = "Epam.Task2.TRIANGLE", "Epam.Task2.TRIANGLE\Epam.Task2.TRIANGLE.csproj", "{8E5E0906-4226-429A-8C8F-FCAFF2C68E33}"
EndProject
Project("{FAE04EC0-301F-11D3-BF4B-00C04F79EFBC}") = "Epam.Task2.RECTANGLE", "Epam.Task2.RECTANGLE\Epam.Task2.RECTANGLE.csproj", "{77832FD8-6539-41D8-BE00-48821DCC9229}"
EndProject
Project("{FAE04EC0-301F-11D3-BF4B-00C04F79EFBC}") = "Epam.Task2.ANOTHER TRIANGLE", "Epam.Task2.ANOTHER TRIANGLE\Epam.Task2.ANOTHER TRIANGLE.csproj", "{1D9B23E6-8D58-4C55-81C6-9BEFC2A76899}"
EndProject
Project("{FAE04EC0-301F-11D3-BF4B-00C04F79EFBC}") = "Epam.Task2.X-MAS TREE", "Epam.Task2.X-MAS TREE\Epam.Task2.X-MAS TREE.csproj", "{20318A43-9CE2-443E-A006-2A01C85B61C5}"
EndProject
Project("{FAE04EC0-301F-11D3-BF4B-00C04F79EFBC}") = "Epam.Task2.SUM OF NUMBERS", "Epam.Task2.SUM OF NUMBERS\Epam.Task2.SUM OF NUMBERS.csproj", "{423530EC-35ED-4130-94FD-26F0CF2D2F9F}"
EndProject
Project("{FAE04EC0-301F-11D3-BF4B-00C04F79EFBC}") = "Epam.Task2.ARRAY PROCESSING", "Epam.Task2.ARRAY PROCESSING\Epam.Task2.ARRAY PROCESSING.csproj", "{7E5CEF21-56F8-4B32-8F4C-D4C65314C1F9}"
EndProject
Project("{FAE04EC0-301F-11D3-BF4B-00C04F79EFBC}") = "Epam.Task2.NO POSITIVE", "Epam.Task2.NO POSITIVE\Epam.Task2.NO POSITIVE.csproj", "{5463A5C3-E531-452B-80A2-67D949DD910D}"
EndProject
Project("{FAE04EC0-301F-11D3-BF4B-00C04F79EFBC}") = "Epam.Task2.NON-NEGATIVE SUM", "Epam.Task2.NON-NEGATIVE SUM\Epam.Task2.NON-NEGATIVE SUM.csproj", "{4A54FCA8-71DD-4FE4-9DB8-F8C3527469B6}"
EndProject
Project("{FAE04EC0-301F-11D3-BF4B-00C04F79EFBC}") = "Epam.Task2.2D ARRAY", "Epam.Task2.2D ARRAY\Epam.Task2.2D ARRAY.csproj", "{5AFD348B-7F3F-4D56-9955-37F46B978CDE}"
EndProject
Project("{FAE04EC0-301F-11D3-BF4B-00C04F79EFBC}") = "Epam.Task2.AVERAGE STRING LENGTH", "Epam.Task2.AVERAGE STRING LENGTH\Epam.Task2.AVERAGE STRING LENGTH.csproj", "{741C6166-3550-46FF-9AA7-7C3926E59C4A}"
EndProject
Project("{FAE04EC0-301F-11D3-BF4B-00C04F79EFBC}") = "Epam.Task2.CHAR DOUBLER", "Epam.Task2.CHAR DOUBLER\Epam.Task2.CHAR DOUBLER.csproj", "{B6214C09-D3E2-4ADB-955F-2AD1C10D156F}"
EndProject
Project("{FAE04EC0-301F-11D3-BF4B-00C04F79EFBC}") = "Epam.Task2.FONT ADJUSTMENT", "Epam.Task2.FONT ADJUSTMENT\Epam.Task2.FONT ADJUSTMENT.csproj", "{FFFF664F-19E5-404F-B616-3EE0AE34861A}"
EndProject
Global
	GlobalSection(SolutionConfigurationPlatforms) = preSolution
		Debug|Any CPU = Debug|Any CPU
		Release|Any CPU = Release|Any CPU
	EndGlobalSection
	GlobalSection(ProjectConfigurationPlatforms) = postSolution
		{8E5E0906-4226-429A-8C8F-FCAFF2C68E33}.Debug|Any CPU.ActiveCfg = Debug|Any CPU
		{8E5E0906-4226-429A-8C8F-FCAFF2C68E33}.Debug|Any CPU.Build.0 = Debug|Any CPU
		{8E5E0906-4226-429A-8C8F-FCAFF2C68E33}.Release|Any CPU.ActiveCfg = Release|Any CPU
		{8E5E0906-4226-429A-8C8F-FCAFF2C68E33}.Release|Any CPU.Build.0 = Release|Any CPU
		{77832FD8-6539-41D8-BE00-48821DCC9229}.Debug|Any CPU.ActiveCfg = Debug|Any CPU
		{77832FD8-6539-41D8-BE00-48821DCC9229}.Debug|Any CPU.Build.0 = Debug|Any CPU
		{77832FD8-6539-41D8-BE00-48821DCC9229}.Release|Any CPU.ActiveCfg = Release|Any CPU
		{77832FD8-6539-41D8-BE00-48821DCC9229}.Release|Any CPU.Build.0 = Release|Any CPU
		{1D9B23E6-8D58-4C55-81C6-9BEFC2A76899}.Debug|Any CPU.ActiveCfg = Debug|Any CPU
		{1D9B23E6-8D58-4C55-81C6-9BEFC2A76899}.Debug|Any CPU.Build.0 = Debug|Any CPU
		{1D9B23E6-8D58-4C55-81C6-9BEFC2A76899}.Release|Any CPU.ActiveCfg = Release|Any CPU
		{1D9B23E6-8D58-4C55-81C6-9BEFC2A76899}.Release|Any CPU.Build.0 = Release|Any CPU
		{20318A43-9CE2-443E-A006-2A01C85B61C5}.Debug|Any CPU.ActiveCfg = Debug|Any CPU
		{20318A43-9CE2-443E-A006-2A01C85B61C5}.Debug|Any CPU.Build.0 = Debug|Any CPU
		{20318A43-9CE2-443E-A006-2A01C85B61C5}.Release|Any CPU.ActiveCfg = Release|Any CPU
		{20318A43-9CE2-443E-A006-2A01C85B61C5}.Release|Any CPU.Build.0 = Release|Any CPU
		{423530EC-35ED-4130-94FD-26F0CF2D2F9F}.Debug|Any CPU.ActiveCfg = Debug|Any CPU
		{423530EC-35ED-4130-94FD-26F0CF2D2F9F}.Debug|Any CPU.Build.0 = Debug|Any CPU
		{423530EC-35ED-4130-94FD-26F0CF2D2F9F}.Release|Any CPU.ActiveCfg = Release|Any CPU
		{423530EC-35ED-4130-94FD-26F0CF2D2F9F}.Release|Any CPU.Build.0 = Release|Any CPU
		{7E5CEF21-56F8-4B32-8F4C-D4C65314C1F9}.Debug|Any CPU.ActiveCfg = Debug|Any CPU
		{7E5CEF21-56F8-4B32-8F4C-D4C65314C1F9}.Debug|Any CPU.Build.0 = Debug|Any CPU
		{7E5CEF21-56F8-4B32-8F4C-D4C65314C1F9}.Release|Any CPU.ActiveCfg = Release|Any CPU
		{7E5CEF21-56F8-4B32-8F4C-D4C65314C1F9}.Release|Any CPU.Build.0 = Release|Any CPU
		{5463A5C3-E531-452B-80A2-67D949DD910D}.Debug|Any CPU.ActiveCfg = Debug|Any CPU
		{5463A5C3-E531-452B-80A2-67D949DD910D}.Debug|Any CPU.Build.0 = Debug|Any CPU
		{5463A5C3-E531-452B-80A2-67D949DD910D}.Release|Any CPU.ActiveCfg = Release|Any CPU
		{5463A5C3-E531-452B-80A2-67D949DD910D}.Release|Any CPU.Build.0 = Release|Any CPU
		{4A54FCA8-71DD-4FE4-9DB8-F8C3527469B6}.Debug|Any CPU.ActiveCfg = Debug|Any CPU
		{4A54FCA8-71DD-4FE4-9DB8-F8C3527469B6}.Debug|Any CPU.Build.0 = Debug|Any CPU
		{4A54FCA8-71DD-4FE4-9DB8-F8C3527469B6}.Release|Any CPU.ActiveCfg = Release|Any CPU
		{4A54FCA8-71DD-4FE4-9DB8-F8C3527469B6}.Release|Any CPU.Build.0 = Release|Any CPU
		{5AFD348B-7F3F-4D56-9955-37F46B978CDE}.Debug|Any CPU.ActiveCfg = Debug|Any CPU
		{5AFD348B-7F3F-4D56-9955-37F46B978CDE}.Debug|Any CPU.Build.0 = Debug|Any CPU
		{5AFD348B-7F3F-4D56-9955-37F46B978CDE}.Release|Any CPU.ActiveCfg = Release|Any CPU
		{5AFD348B-7F3F-4D56-9955-37F46B978CDE}.Release|Any CPU.Build.0 = Release|Any CPU
		{741C6166-3550-46FF-9AA7-7C3926E59C4A}.Debug|Any CPU.ActiveCfg = Debug|Any CPU
		{741C6166-3550-46FF-9AA7-7C3926E59C4A}.Debug|Any CPU.Build.0 = Debug|Any CPU
		{741C6166-3550-46FF-9AA7-7C3926E59C4A}.Release|Any CPU.ActiveCfg = Release|Any CPU
		{741C6166-3550-46FF-9AA7-7C3926E59C4A}.Release|Any CPU.Build.0 = Release|Any CPU
		{B6214C09-D3E2-4ADB-955F-2AD1C10D156F}.Debug|Any CPU.ActiveCfg = Debug|Any CPU
		{B6214C09-D3E2-4ADB-955F-2AD1C10D156F}.Debug|Any CPU.Build.0 = Debug|Any CPU
		{B6214C09-D3E2-4ADB-955F-2AD1C10D156F}.Release|Any CPU.ActiveCfg = Release|Any CPU
		{B6214C09-D3E2-4ADB-955F-2AD1C10D156F}.Release|Any CPU.Build.0 = Release|Any CPU
		{FFFF664F-19E5-404F-B616-3EE0AE34861A}.Debug|Any CPU.ActiveCfg = Debug|Any CPU
		{FFFF664F-19E5-404F-B616-3EE0AE34861A}.Debug|Any CPU.Build.0 = Debug|Any CPU
		{FFFF664F-19E5-404F-B616-3EE0AE34861A}.Release|Any CPU.ActiveCfg = Release|Any CPU
		{FFFF664F-19E5-404F-B616-3EE0AE34861A}.Release|Any CPU.Build.0 = Release|Any CPU
	EndGlobalSection
	GlobalSection(SolutionProperties) = preSolution
		HideSolutionNode = FALSE
	EndGlobalSection
	GlobalSection(ExtensibilityGlobals) = postSolution
		SolutionGuid = {E3581BDB-2340-45E8-98AF-2281737FA99B}
	EndGlobalSection
EndGlobal
