
Microsoft Visual Studio Solution File, Format Version 12.00
# Visual Studio 15
VisualStudioVersion = 15.0.27703.2047
MinimumVisualStudioVersion = 10.0.40219.1
Project("{FAE04EC0-301F-11D3-BF4B-00C04F79EFBC}") = "Epam.Task11.WEBUI", "Epam.Task11.WEBUI\Epam.Task11.WEBUI.csproj", "{A521DD63-DBEC-442F-8E14-DBBBFB34CAEF}"
EndProject
Project("{FAE04EC0-301F-11D3-BF4B-00C04F79EFBC}") = "Epam.Task7.USERS.BLL", "Epam.Task7.USERS.BLL\Epam.Task7.USERS.BLL.csproj", "{73C86A4D-14E1-4648-A358-AE2E4C094FDC}"
EndProject
Project("{FAE04EC0-301F-11D3-BF4B-00C04F79EFBC}") = "Epam.Task7.USERS.BLL.Interface", "Epam.Task7.USERS.BLL.Interface\Epam.Task7.USERS.BLL.Interface.csproj", "{EA59F90E-7EA4-4735-914A-392C36310EC6}"
EndProject
Project("{FAE04EC0-301F-11D3-BF4B-00C04F79EFBC}") = "Epam.Task7.USERS.Common", "Epam.Task7.USERS.Common\Epam.Task7.USERS.Common.csproj", "{0C809786-E01C-47A3-B6F3-69794C78C28C}"
EndProject
Project("{FAE04EC0-301F-11D3-BF4B-00C04F79EFBC}") = "Epam.Task7.USERS.ConsolePL", "Epam.Task7.USERS.ConsolePL\Epam.Task7.USERS.ConsolePL.csproj", "{47E0FB62-39B2-4378-A760-B30FFCCC27A6}"
EndProject
Project("{FAE04EC0-301F-11D3-BF4B-00C04F79EFBC}") = "Epam.Task7.USERS.DAL", "Epam.Task7.USERS.DAL\Epam.Task7.USERS.DAL.csproj", "{9DC98D65-659D-4484-B524-2D362AA91287}"
EndProject
Project("{FAE04EC0-301F-11D3-BF4B-00C04F79EFBC}") = "Epam.Task7.USERS.DAL.Interface", "Epam.Task7.USERS.DAL.Interface\Epam.Task7.USERS.DAL.Interface.csproj", "{43358EBA-9A7B-45D1-BCF8-6D46DA0D4D8B}"
EndProject
Project("{FAE04EC0-301F-11D3-BF4B-00C04F79EFBC}") = "Epam.Task7.USERS.Entities", "Epam.Task7.USERS.Entities\Epam.Task7.USERS.Entities.csproj", "{188E1CBB-96B9-4875-8263-B6F55EB2B577}"
EndProject
Project("{2150E333-8FDC-42A3-9474-1A3956D46DE8}") = "BLL", "BLL", "{5132FACE-6F16-4B46-82CC-AFAF7CBAF132}"
EndProject
Project("{2150E333-8FDC-42A3-9474-1A3956D46DE8}") = "DAL", "DAL", "{CE91632F-A6EE-4023-AE3B-2F857D82499B}"
EndProject
Project("{2150E333-8FDC-42A3-9474-1A3956D46DE8}") = "PL", "PL", "{2E8F80A5-EB15-4098-A352-DF6C132C0129}"
EndProject
Project("{2150E333-8FDC-42A3-9474-1A3956D46DE8}") = "Common", "Common", "{6C1589C0-24AF-4BED-BF12-682A4D46B25E}"
EndProject
Global
	GlobalSection(SolutionConfigurationPlatforms) = preSolution
		Debug|Any CPU = Debug|Any CPU
		Release|Any CPU = Release|Any CPU
	EndGlobalSection
	GlobalSection(ProjectConfigurationPlatforms) = postSolution
		{A521DD63-DBEC-442F-8E14-DBBBFB34CAEF}.Debug|Any CPU.ActiveCfg = Debug|Any CPU
		{A521DD63-DBEC-442F-8E14-DBBBFB34CAEF}.Debug|Any CPU.Build.0 = Debug|Any CPU
		{A521DD63-DBEC-442F-8E14-DBBBFB34CAEF}.Release|Any CPU.ActiveCfg = Release|Any CPU
		{A521DD63-DBEC-442F-8E14-DBBBFB34CAEF}.Release|Any CPU.Build.0 = Release|Any CPU
		{73C86A4D-14E1-4648-A358-AE2E4C094FDC}.Debug|Any CPU.ActiveCfg = Debug|Any CPU
		{73C86A4D-14E1-4648-A358-AE2E4C094FDC}.Debug|Any CPU.Build.0 = Debug|Any CPU
		{73C86A4D-14E1-4648-A358-AE2E4C094FDC}.Release|Any CPU.ActiveCfg = Release|Any CPU
		{73C86A4D-14E1-4648-A358-AE2E4C094FDC}.Release|Any CPU.Build.0 = Release|Any CPU
		{EA59F90E-7EA4-4735-914A-392C36310EC6}.Debug|Any CPU.ActiveCfg = Debug|Any CPU
		{EA59F90E-7EA4-4735-914A-392C36310EC6}.Debug|Any CPU.Build.0 = Debug|Any CPU
		{EA59F90E-7EA4-4735-914A-392C36310EC6}.Release|Any CPU.ActiveCfg = Release|Any CPU
		{EA59F90E-7EA4-4735-914A-392C36310EC6}.Release|Any CPU.Build.0 = Release|Any CPU
		{0C809786-E01C-47A3-B6F3-69794C78C28C}.Debug|Any CPU.ActiveCfg = Debug|Any CPU
		{0C809786-E01C-47A3-B6F3-69794C78C28C}.Debug|Any CPU.Build.0 = Debug|Any CPU
		{0C809786-E01C-47A3-B6F3-69794C78C28C}.Release|Any CPU.ActiveCfg = Release|Any CPU
		{0C809786-E01C-47A3-B6F3-69794C78C28C}.Release|Any CPU.Build.0 = Release|Any CPU
		{47E0FB62-39B2-4378-A760-B30FFCCC27A6}.Debug|Any CPU.ActiveCfg = Debug|Any CPU
		{47E0FB62-39B2-4378-A760-B30FFCCC27A6}.Debug|Any CPU.Build.0 = Debug|Any CPU
		{47E0FB62-39B2-4378-A760-B30FFCCC27A6}.Release|Any CPU.ActiveCfg = Release|Any CPU
		{47E0FB62-39B2-4378-A760-B30FFCCC27A6}.Release|Any CPU.Build.0 = Release|Any CPU
		{9DC98D65-659D-4484-B524-2D362AA91287}.Debug|Any CPU.ActiveCfg = Debug|Any CPU
		{9DC98D65-659D-4484-B524-2D362AA91287}.Debug|Any CPU.Build.0 = Debug|Any CPU
		{9DC98D65-659D-4484-B524-2D362AA91287}.Release|Any CPU.ActiveCfg = Release|Any CPU
		{9DC98D65-659D-4484-B524-2D362AA91287}.Release|Any CPU.Build.0 = Release|Any CPU
		{43358EBA-9A7B-45D1-BCF8-6D46DA0D4D8B}.Debug|Any CPU.ActiveCfg = Debug|Any CPU
		{43358EBA-9A7B-45D1-BCF8-6D46DA0D4D8B}.Debug|Any CPU.Build.0 = Debug|Any CPU
		{43358EBA-9A7B-45D1-BCF8-6D46DA0D4D8B}.Release|Any CPU.ActiveCfg = Release|Any CPU
		{43358EBA-9A7B-45D1-BCF8-6D46DA0D4D8B}.Release|Any CPU.Build.0 = Release|Any CPU
		{188E1CBB-96B9-4875-8263-B6F55EB2B577}.Debug|Any CPU.ActiveCfg = Debug|Any CPU
		{188E1CBB-96B9-4875-8263-B6F55EB2B577}.Debug|Any CPU.Build.0 = Debug|Any CPU
		{188E1CBB-96B9-4875-8263-B6F55EB2B577}.Release|Any CPU.ActiveCfg = Release|Any CPU
		{188E1CBB-96B9-4875-8263-B6F55EB2B577}.Release|Any CPU.Build.0 = Release|Any CPU
	EndGlobalSection
	GlobalSection(SolutionProperties) = preSolution
		HideSolutionNode = FALSE
	EndGlobalSection
	GlobalSection(NestedProjects) = preSolution
		{A521DD63-DBEC-442F-8E14-DBBBFB34CAEF} = {2E8F80A5-EB15-4098-A352-DF6C132C0129}
		{73C86A4D-14E1-4648-A358-AE2E4C094FDC} = {5132FACE-6F16-4B46-82CC-AFAF7CBAF132}
		{EA59F90E-7EA4-4735-914A-392C36310EC6} = {5132FACE-6F16-4B46-82CC-AFAF7CBAF132}
		{0C809786-E01C-47A3-B6F3-69794C78C28C} = {6C1589C0-24AF-4BED-BF12-682A4D46B25E}
		{47E0FB62-39B2-4378-A760-B30FFCCC27A6} = {2E8F80A5-EB15-4098-A352-DF6C132C0129}
		{9DC98D65-659D-4484-B524-2D362AA91287} = {CE91632F-A6EE-4023-AE3B-2F857D82499B}
		{43358EBA-9A7B-45D1-BCF8-6D46DA0D4D8B} = {CE91632F-A6EE-4023-AE3B-2F857D82499B}
		{188E1CBB-96B9-4875-8263-B6F55EB2B577} = {6C1589C0-24AF-4BED-BF12-682A4D46B25E}
	EndGlobalSection
	GlobalSection(ExtensibilityGlobals) = postSolution
		SolutionGuid = {CEC0AEB0-46D5-4D8F-B6D4-D79AB3D952B6}
	EndGlobalSection
EndGlobal
