
Microsoft Visual Studio Solution File, Format Version 12.00
# Visual Studio 15
VisualStudioVersion = 15.0.27703.2047
MinimumVisualStudioVersion = 10.0.40219.1
Project("{FAE04EC0-301F-11D3-BF4B-00C04F79EFBC}") = "Epam.Task7.USERS.BLL", "Epam.Task7.USERS.BLL\Epam.Task7.USERS.BLL.csproj", "{73C86A4D-14E1-4648-A358-AE2E4C094FDC}"
EndProject
Project("{2150E333-8FDC-42A3-9474-1A3956D46DE8}") = "BLL", "BLL", "{21D1E0A4-6F11-48A9-8EFE-367C7BF97FF1}"
EndProject
Project("{2150E333-8FDC-42A3-9474-1A3956D46DE8}") = "DAL", "DAL", "{9557A65F-CD6A-4283-84FC-299C07082896}"
EndProject
Project("{2150E333-8FDC-42A3-9474-1A3956D46DE8}") = "PL", "PL", "{0F235F76-7A2D-4225-B3E3-10BECE13D698}"
EndProject
Project("{FAE04EC0-301F-11D3-BF4B-00C04F79EFBC}") = "Epam.Task7.USERS.BLL.Interface", "Epam.Task7.USERS.BLL.Interface\Epam.Task7.USERS.BLL.Interface.csproj", "{EA59F90E-7EA4-4735-914A-392C36310EC6}"
EndProject
Project("{FAE04EC0-301F-11D3-BF4B-00C04F79EFBC}") = "Epam.Task7.USERS.DAL.Interface", "Epam.Task7.USERS.DAL.Interface\Epam.Task7.USERS.DAL.Interface.csproj", "{43358EBA-9A7B-45D1-BCF8-6D46DA0D4D8B}"
EndProject
Project("{FAE04EC0-301F-11D3-BF4B-00C04F79EFBC}") = "Epam.Task7.USERS.ConsolePL", "Epam.Task7.USERS.ConsolePL\Epam.Task7.USERS.ConsolePL.csproj", "{47E0FB62-39B2-4378-A760-B30FFCCC27A6}"
EndProject
Project("{2150E333-8FDC-42A3-9474-1A3956D46DE8}") = "Common", "Common", "{66BA06A3-93FA-4C37-9091-03A52D18FA53}"
EndProject
Project("{FAE04EC0-301F-11D3-BF4B-00C04F79EFBC}") = "Epam.Task7.USERS.Entities", "Epam.Task7.USERS.Entities\Epam.Task7.USERS.Entities.csproj", "{188E1CBB-96B9-4875-8263-B6F55EB2B577}"
EndProject
Project("{FAE04EC0-301F-11D3-BF4B-00C04F79EFBC}") = "Epam.Task7.USERS.DAL", "Epam.Task7.USERS.DAL\Epam.Task7.USERS.DAL.csproj", "{9DC98D65-659D-4484-B524-2D362AA91287}"
EndProject
Project("{FAE04EC0-301F-11D3-BF4B-00C04F79EFBC}") = "Epam.Task7.USERS.Common", "Epam.Task7.USERS.Common\Epam.Task7.USERS.Common.csproj", "{0C809786-E01C-47A3-B6F3-69794C78C28C}"
EndProject
Global
	GlobalSection(SolutionConfigurationPlatforms) = preSolution
		Debug|Any CPU = Debug|Any CPU
		Release|Any CPU = Release|Any CPU
	EndGlobalSection
	GlobalSection(ProjectConfigurationPlatforms) = postSolution
		{73C86A4D-14E1-4648-A358-AE2E4C094FDC}.Debug|Any CPU.ActiveCfg = Debug|Any CPU
		{73C86A4D-14E1-4648-A358-AE2E4C094FDC}.Debug|Any CPU.Build.0 = Debug|Any CPU
		{73C86A4D-14E1-4648-A358-AE2E4C094FDC}.Release|Any CPU.ActiveCfg = Release|Any CPU
		{73C86A4D-14E1-4648-A358-AE2E4C094FDC}.Release|Any CPU.Build.0 = Release|Any CPU
		{EA59F90E-7EA4-4735-914A-392C36310EC6}.Debug|Any CPU.ActiveCfg = Debug|Any CPU
		{EA59F90E-7EA4-4735-914A-392C36310EC6}.Debug|Any CPU.Build.0 = Debug|Any CPU
		{EA59F90E-7EA4-4735-914A-392C36310EC6}.Release|Any CPU.ActiveCfg = Release|Any CPU
		{EA59F90E-7EA4-4735-914A-392C36310EC6}.Release|Any CPU.Build.0 = Release|Any CPU
		{43358EBA-9A7B-45D1-BCF8-6D46DA0D4D8B}.Debug|Any CPU.ActiveCfg = Debug|Any CPU
		{43358EBA-9A7B-45D1-BCF8-6D46DA0D4D8B}.Debug|Any CPU.Build.0 = Debug|Any CPU
		{43358EBA-9A7B-45D1-BCF8-6D46DA0D4D8B}.Release|Any CPU.ActiveCfg = Release|Any CPU
		{43358EBA-9A7B-45D1-BCF8-6D46DA0D4D8B}.Release|Any CPU.Build.0 = Release|Any CPU
		{47E0FB62-39B2-4378-A760-B30FFCCC27A6}.Debug|Any CPU.ActiveCfg = Debug|Any CPU
		{47E0FB62-39B2-4378-A760-B30FFCCC27A6}.Debug|Any CPU.Build.0 = Debug|Any CPU
		{47E0FB62-39B2-4378-A760-B30FFCCC27A6}.Release|Any CPU.ActiveCfg = Release|Any CPU
		{47E0FB62-39B2-4378-A760-B30FFCCC27A6}.Release|Any CPU.Build.0 = Release|Any CPU
		{188E1CBB-96B9-4875-8263-B6F55EB2B577}.Debug|Any CPU.ActiveCfg = Debug|Any CPU
		{188E1CBB-96B9-4875-8263-B6F55EB2B577}.Debug|Any CPU.Build.0 = Debug|Any CPU
		{188E1CBB-96B9-4875-8263-B6F55EB2B577}.Release|Any CPU.ActiveCfg = Release|Any CPU
		{188E1CBB-96B9-4875-8263-B6F55EB2B577}.Release|Any CPU.Build.0 = Release|Any CPU
		{9DC98D65-659D-4484-B524-2D362AA91287}.Debug|Any CPU.ActiveCfg = Debug|Any CPU
		{9DC98D65-659D-4484-B524-2D362AA91287}.Debug|Any CPU.Build.0 = Debug|Any CPU
		{9DC98D65-659D-4484-B524-2D362AA91287}.Release|Any CPU.ActiveCfg = Release|Any CPU
		{9DC98D65-659D-4484-B524-2D362AA91287}.Release|Any CPU.Build.0 = Release|Any CPU
		{0C809786-E01C-47A3-B6F3-69794C78C28C}.Debug|Any CPU.ActiveCfg = Debug|Any CPU
		{0C809786-E01C-47A3-B6F3-69794C78C28C}.Debug|Any CPU.Build.0 = Debug|Any CPU
		{0C809786-E01C-47A3-B6F3-69794C78C28C}.Release|Any CPU.ActiveCfg = Release|Any CPU
		{0C809786-E01C-47A3-B6F3-69794C78C28C}.Release|Any CPU.Build.0 = Release|Any CPU
	EndGlobalSection
	GlobalSection(SolutionProperties) = preSolution
		HideSolutionNode = FALSE
	EndGlobalSection
	GlobalSection(NestedProjects) = preSolution
		{73C86A4D-14E1-4648-A358-AE2E4C094FDC} = {21D1E0A4-6F11-48A9-8EFE-367C7BF97FF1}
		{EA59F90E-7EA4-4735-914A-392C36310EC6} = {21D1E0A4-6F11-48A9-8EFE-367C7BF97FF1}
		{43358EBA-9A7B-45D1-BCF8-6D46DA0D4D8B} = {9557A65F-CD6A-4283-84FC-299C07082896}
		{47E0FB62-39B2-4378-A760-B30FFCCC27A6} = {0F235F76-7A2D-4225-B3E3-10BECE13D698}
		{188E1CBB-96B9-4875-8263-B6F55EB2B577} = {66BA06A3-93FA-4C37-9091-03A52D18FA53}
		{9DC98D65-659D-4484-B524-2D362AA91287} = {9557A65F-CD6A-4283-84FC-299C07082896}
		{0C809786-E01C-47A3-B6F3-69794C78C28C} = {66BA06A3-93FA-4C37-9091-03A52D18FA53}
	EndGlobalSection
	GlobalSection(ExtensibilityGlobals) = postSolution
		SolutionGuid = {D65BF140-26E0-4803-B3C3-BD4BAF749FA5}
	EndGlobalSection
EndGlobal
